
Microsoft Visual Studio Solution File, Format Version 12.00
# Visual Studio Version 17
VisualStudioVersion = 17.6.33815.320
MinimumVisualStudioVersion = 10.0.40219.1
Project("{FAE04EC0-301F-11D3-BF4B-00C04F79EFBC}") = "getIOC2TA", "getIOC2TA.csproj", "{5B526C2B-EEE1-4037-B4D9-AB0A5E766816}"
EndProject
Global
	GlobalSection(SolutionConfigurationPlatforms) = preSolution
		Debug|Any CPU = Debug|Any CPU
		Release|Any CPU = Release|Any CPU
	EndGlobalSection
	GlobalSection(ProjectConfigurationPlatforms) = postSolution
		{5B526C2B-EEE1-4037-B4D9-AB0A5E766816}.Debug|Any CPU.ActiveCfg = Debug|Any CPU
		{5B526C2B-EEE1-4037-B4D9-AB0A5E766816}.Debug|Any CPU.Build.0 = Debug|Any CPU
		{5B526C2B-EEE1-4037-B4D9-AB0A5E766816}.Release|Any CPU.ActiveCfg = Release|Any CPU
		{5B526C2B-EEE1-4037-B4D9-AB0A5E766816}.Release|Any CPU.Build.0 = Release|Any CPU
	EndGlobalSection
	GlobalSection(SolutionProperties) = preSolution
		HideSolutionNode = FALSE
	EndGlobalSection
	GlobalSection(ExtensibilityGlobals) = postSolution
		SolutionGuid = {B4D7A715-215B-42DD-BB85-C9A0E48F7AF6}
	EndGlobalSection
EndGlobal
